
Microsoft Visual Studio Solution File, Format Version 12.00
# Visual Studio Version 17
VisualStudioVersion = 17.1.32328.378
MinimumVisualStudioVersion = 10.0.40219.1
Project("{9A19103F-16F7-4668-BE54-9A1E7A4F7556}") = "ContactsWebEFCore6", "ContactsWebEFCore6\ContactsWebEFCore6.csproj", "{62C63CBF-DF3B-4D8C-AEBE-47276B3EABF7}"
EndProject
Project("{FAE04EC0-301F-11D3-BF4B-00C04F79EFBC}") = "ContactWebModels", "ContactWebModels\ContactWebModels.csproj", "{69158019-FCCC-4D3B-994D-28191BBDDF0F}"
EndProject
Global
	GlobalSection(SolutionConfigurationPlatforms) = preSolution
		Debug|Any CPU = Debug|Any CPU
		Release|Any CPU = Release|Any CPU
	EndGlobalSection
	GlobalSection(ProjectConfigurationPlatforms) = postSolution
		{62C63CBF-DF3B-4D8C-AEBE-47276B3EABF7}.Debug|Any CPU.ActiveCfg = Debug|Any CPU
		{62C63CBF-DF3B-4D8C-AEBE-47276B3EABF7}.Debug|Any CPU.Build.0 = Debug|Any CPU
		{62C63CBF-DF3B-4D8C-AEBE-47276B3EABF7}.Release|Any CPU.ActiveCfg = Release|Any CPU
		{62C63CBF-DF3B-4D8C-AEBE-47276B3EABF7}.Release|Any CPU.Build.0 = Release|Any CPU
		{69158019-FCCC-4D3B-994D-28191BBDDF0F}.Debug|Any CPU.ActiveCfg = Debug|Any CPU
		{69158019-FCCC-4D3B-994D-28191BBDDF0F}.Debug|Any CPU.Build.0 = Debug|Any CPU
		{69158019-FCCC-4D3B-994D-28191BBDDF0F}.Release|Any CPU.ActiveCfg = Release|Any CPU
		{69158019-FCCC-4D3B-994D-28191BBDDF0F}.Release|Any CPU.Build.0 = Release|Any CPU
	EndGlobalSection
	GlobalSection(SolutionProperties) = preSolution
		HideSolutionNode = FALSE
	EndGlobalSection
	GlobalSection(ExtensibilityGlobals) = postSolution
		SolutionGuid = {DD5553C1-06FA-40B4-91BC-4A1304BED6A3}
	EndGlobalSection
EndGlobal
